// !$*UTF8*$!
{
	archiveVersion = 1;
	classes = {
	};
	objectVersion = 55;
	objects = {

/* Begin PBXBuildFile section */
		95E72EF8285F2EBB00EC2970 /* AppDelegate.swift in Sources */ = {isa = PBXBuildFile; fileRef = 95E72EF7285F2EBB00EC2970 /* AppDelegate.swift */; };
		95E72EFA285F2EBB00EC2970 /* SceneDelegate.swift in Sources */ = {isa = PBXBuildFile; fileRef = 95E72EF9285F2EBB00EC2970 /* SceneDelegate.swift */; };
		95E72EFC285F2EBB00EC2970 /* ViewController.swift in Sources */ = {isa = PBXBuildFile; fileRef = 95E72EFB285F2EBB00EC2970 /* ViewController.swift */; };
		95E72EFF285F2EBB00EC2970 /* Main.storyboard in Resources */ = {isa = PBXBuildFile; fileRef = 95E72EFD285F2EBB00EC2970 /* Main.storyboard */; };
		95E72F02285F2EBB00EC2970 /* PracticeChangeStoryboardStepByStep.xcdatamodeld in Sources */ = {isa = PBXBuildFile; fileRef = 95E72F00285F2EBB00EC2970 /* PracticeChangeStoryboardStepByStep.xcdatamodeld */; };
		95E72F04285F2EBC00EC2970 /* Assets.xcassets in Resources */ = {isa = PBXBuildFile; fileRef = 95E72F03285F2EBC00EC2970 /* Assets.xcassets */; };
		95E72F07285F2EBC00EC2970 /* LaunchScreen.storyboard in Resources */ = {isa = PBXBuildFile; fileRef = 95E72F05285F2EBC00EC2970 /* LaunchScreen.storyboard */; };
/* End PBXBuildFile section */

/* Begin PBXFileReference section */
		95E72EF4285F2EBB00EC2970 /* PracticeChangeStoryboardStepByStep.app */ = {isa = PBXFileReference; explicitFileType = wrapper.application; includeInIndex = 0; path = PracticeChangeStoryboardStepByStep.app; sourceTree = BUILT_PRODUCTS_DIR; };
		95E72EF7285F2EBB00EC2970 /* AppDelegate.swift */ = {isa = PBXFileReference; lastKnownFileType = sourcecode.swift; path = AppDelegate.swift; sourceTree = "<group>"; };
		95E72EF9285F2EBB00EC2970 /* SceneDelegate.swift */ = {isa = PBXFileReference; lastKnownFileType = sourcecode.swift; path = SceneDelegate.swift; sourceTree = "<group>"; };
		95E72EFB285F2EBB00EC2970 /* ViewController.swift */ = {isa = PBXFileReference; lastKnownFileType = sourcecode.swift; path = ViewController.swift; sourceTree = "<group>"; };
		95E72EFE285F2EBB00EC2970 /* Base */ = {isa = PBXFileReference; lastKnownFileType = file.storyboard; name = Base; path = Base.lproj/Main.storyboard; sourceTree = "<group>"; };
		95E72F01285F2EBB00EC2970 /* PracticeChangeStoryboardStepByStep.xcdatamodel */ = {isa = PBXFileReference; lastKnownFileType = wrapper.xcdatamodel; path = PracticeChangeStoryboardStepByStep.xcdatamodel; sourceTree = "<group>"; };
		95E72F03285F2EBC00EC2970 /* Assets.xcassets */ = {isa = PBXFileReference; lastKnownFileType = folder.assetcatalog; path = Assets.xcassets; sourceTree = "<group>"; };
		95E72F06285F2EBC00EC2970 /* Base */ = {isa = PBXFileReference; lastKnownFileType = file.storyboard; name = Base; path = Base.lproj/LaunchScreen.storyboard; sourceTree = "<group>"; };
		95E72F08285F2EBC00EC2970 /* Info.plist */ = {isa = PBXFileReference; lastKnownFileType = text.plist.xml; path = Info.plist; sourceTree = "<group>"; };
/* End PBXFileReference section */

/* Begin PBXFrameworksBuildPhase section */
		95E72EF1285F2EBB00EC2970 /* Frameworks */ = {
			isa = PBXFrameworksBuildPhase;
			buildActionMask = 2147483647;
			files = (
			);
			runOnlyForDeploymentPostprocessing = 0;
		};
/* End PBXFrameworksBuildPhase section */

/* Begin PBXGroup section */
		95E72EEB285F2EBB00EC2970 = {
			isa = PBXGroup;
			children = (
				95E72EF6285F2EBB00EC2970 /* PracticeChangeStoryboardStepByStep */,
				95E72EF5285F2EBB00EC2970 /* Products */,
			);
			sourceTree = "<group>";
		};
		95E72EF5285F2EBB00EC2970 /* Products */ = {
			isa = PBXGroup;
			children = (
				95E72EF4285F2EBB00EC2970 /* PracticeChangeStoryboardStepByStep.app */,
			);
			name = Products;
			sourceTree = "<group>";
		};
		95E72EF6285F2EBB00EC2970 /* PracticeChangeStoryboardStepByStep */ = {
			isa = PBXGroup;
			children = (
				95E72EF7285F2EBB00EC2970 /* AppDelegate.swift */,
				95E72EF9285F2EBB00EC2970 /* SceneDelegate.swift */,
				95E72EFB285F2EBB00EC2970 /* ViewController.swift */,
				95E72EFD285F2EBB00EC2970 /* Main.storyboard */,
				95E72F03285F2EBC00EC2970 /* Assets.xcassets */,
				95E72F05285F2EBC00EC2970 /* LaunchScreen.storyboard */,
				95E72F08285F2EBC00EC2970 /* Info.plist */,
				95E72F00285F2EBB00EC2970 /* PracticeChangeStoryboardStepByStep.xcdatamodeld */,
			);
			path = PracticeChangeStoryboardStepByStep;
			sourceTree = "<group>";
		};
/* End PBXGroup section */

/* Begin PBXNativeTarget section */
		95E72EF3285F2EBB00EC2970 /* PracticeChangeStoryboardStepByStep */ = {
			isa = PBXNativeTarget;
			buildConfigurationList = 95E72F0B285F2EBC00EC2970 /* Build configuration list for PBXNativeTarget "PracticeChangeStoryboardStepByStep" */;
			buildPhases = (
				95E72EF0285F2EBB00EC2970 /* Sources */,
				95E72EF1285F2EBB00EC2970 /* Frameworks */,
				95E72EF2285F2EBB00EC2970 /* Resources */,
			);
			buildRules = (
			);
			dependencies = (
			);
			name = PracticeChangeStoryboardStepByStep;
			productName = PracticeChangeStoryboardStepByStep;
			productReference = 95E72EF4285F2EBB00EC2970 /* PracticeChangeStoryboardStepByStep.app */;
			productType = "com.apple.product-type.application";
		};
/* End PBXNativeTarget section */

/* Begin PBXProject section */
		95E72EEC285F2EBB00EC2970 /* Project object */ = {
			isa = PBXProject;
			attributes = {
				BuildIndependentTargetsInParallel = 1;
				LastSwiftUpdateCheck = 1330;
				LastUpgradeCheck = 1330;
				TargetAttributes = {
					95E72EF3285F2EBB00EC2970 = {
						CreatedOnToolsVersion = 13.3.1;
					};
				};
			};
			buildConfigurationList = 95E72EEF285F2EBB00EC2970 /* Build configuration list for PBXProject "PracticeChangeStoryboardStepByStep" */;
			compatibilityVersion = "Xcode 13.0";
			developmentRegion = en;
			hasScannedForEncodings = 0;
			knownRegions = (
				en,
				Base,
			);
			mainGroup = 95E72EEB285F2EBB00EC2970;
			productRefGroup = 95E72EF5285F2EBB00EC2970 /* Products */;
			projectDirPath = "";
			projectRoot = "";
			targets = (
				95E72EF3285F2EBB00EC2970 /* PracticeChangeStoryboardStepByStep */,
			);
		};
/* End PBXProject section */

/* Begin PBXResourcesBuildPhase section */
		95E72EF2285F2EBB00EC2970 /* Resources */ = {
			isa = PBXResourcesBuildPhase;
			buildActionMask = 2147483647;
			files = (
				95E72F07285F2EBC00EC2970 /* LaunchScreen.storyboard in Resources */,
				95E72F04285F2EBC00EC2970 /* Assets.xcassets in Resources */,
				95E72EFF285F2EBB00EC2970 /* Main.storyboard in Resources */,
			);
			runOnlyForDeploymentPostprocessing = 0;
		};
/* End PBXResourcesBuildPhase section */

/* Begin PBXSourcesBuildPhase section */
		95E72EF0285F2EBB00EC2970 /* Sources */ = {
			isa = PBXSourcesBuildPhase;
			buildActionMask = 2147483647;
			files = (
				95E72F02285F2EBB00EC2970 /* PracticeChangeStoryboardStepByStep.xcdatamodeld in Sources */,
				95E72EFC285F2EBB00EC2970 /* ViewController.swift in Sources */,
				95E72EF8285F2EBB00EC2970 /* AppDelegate.swift in Sources */,
				95E72EFA285F2EBB00EC2970 /* SceneDelegate.swift in Sources */,
			);
			runOnlyForDeploymentPostprocessing = 0;
		};
/* End PBXSourcesBuildPhase section */

/* Begin PBXVariantGroup section */
		95E72EFD285F2EBB00EC2970 /* Main.storyboard */ = {
			isa = PBXVariantGroup;
			children = (
				95E72EFE285F2EBB00EC2970 /* Base */,
			);
			name = Main.storyboard;
			sourceTree = "<group>";
		};
		95E72F05285F2EBC00EC2970 /* LaunchScreen.storyboard */ = {
			isa = PBXVariantGroup;
			children = (
				95E72F06285F2EBC00EC2970 /* Base */,
			);
			name = LaunchScreen.storyboard;
			sourceTree = "<group>";
		};
/* End PBXVariantGroup section */

/* Begin XCBuildConfiguration section */
		95E72F09285F2EBC00EC2970 /* Debug */ = {
			isa = XCBuildConfiguration;
			buildSettings = {
				ALWAYS_SEARCH_USER_PATHS = NO;
				CLANG_ANALYZER_NONNULL = YES;
				CLANG_ANALYZER_NUMBER_OBJECT_CONVERSION = YES_AGGRESSIVE;
				CLANG_CXX_LANGUAGE_STANDARD = "gnu++17";
				CLANG_ENABLE_MODULES = YES;
				CLANG_ENABLE_OBJC_ARC = YES;
				CLANG_ENABLE_OBJC_WEAK = YES;
				CLANG_WARN_BLOCK_CAPTURE_AUTORELEASING = YES;
				CLANG_WARN_BOOL_CONVERSION = YES;
				CLANG_WARN_COMMA = YES;
				CLANG_WARN_CONSTANT_CONVERSION = YES;
				CLANG_WARN_DEPRECATED_OBJC_IMPLEMENTATIONS = YES;
				CLANG_WARN_DIRECT_OBJC_ISA_USAGE = YES_ERROR;
				CLANG_WARN_DOCUMENTATION_COMMENTS = YES;
				CLANG_WARN_EMPTY_BODY = YES;
				CLANG_WARN_ENUM_CONVERSION = YES;
				CLANG_WARN_INFINITE_RECURSION = YES;
				CLANG_WARN_INT_CONVERSION = YES;
				CLANG_WARN_NON_LITERAL_NULL_CONVERSION = YES;
				CLANG_WARN_OBJC_IMPLICIT_RETAIN_SELF = YES;
				CLANG_WARN_OBJC_LITERAL_CONVERSION = YES;
				CLANG_WARN_OBJC_ROOT_CLASS = YES_ERROR;
				CLANG_WARN_QUOTED_INCLUDE_IN_FRAMEWORK_HEADER = YES;
				CLANG_WARN_RANGE_LOOP_ANALYSIS = YES;
				CLANG_WARN_STRICT_PROTOTYPES = YES;
				CLANG_WARN_SUSPICIOUS_MOVE = YES;
				CLANG_WARN_UNGUARDED_AVAILABILITY = YES_AGGRESSIVE;
				CLANG_WARN_UNREACHABLE_CODE = YES;
				CLANG_WARN__DUPLICATE_METHOD_MATCH = YES;
				COPY_PHASE_STRIP = NO;
				DEBUG_INFORMATION_FORMAT = dwarf;
				ENABLE_STRICT_OBJC_MSGSEND = YES;
				ENABLE_TESTABILITY = YES;
				GCC_C_LANGUAGE_STANDARD = gnu11;
				GCC_DYNAMIC_NO_PIC = NO;
				GCC_NO_COMMON_BLOCKS = YES;
				GCC_OPTIMIZATION_LEVEL = 0;
				GCC_PREPROCESSOR_DEFINITIONS = (
					"DEBUG=1",
					"$(inherited)",
				);
				GCC_WARN_64_TO_32_BIT_CONVERSION = YES;
				GCC_WARN_ABOUT_RETURN_TYPE = YES_ERROR;
				GCC_WARN_UNDECLARED_SELECTOR = YES;
				GCC_WARN_UNINITIALIZED_AUTOS = YES_AGGRESSIVE;
				GCC_WARN_UNUSED_FUNCTION = YES;
				GCC_WARN_UNUSED_VARIABLE = YES;
				IPHONEOS_DEPLOYMENT_TARGET = 15.4;
				MTL_ENABLE_DEBUG_INFO = INCLUDE_SOURCE;
				MTL_FAST_MATH = YES;
				ONLY_ACTIVE_ARCH = YES;
				SDKROOT = iphoneos;
				SWIFT_ACTIVE_COMPILATION_CONDITIONS = DEBUG;
				SWIFT_OPTIMIZATION_LEVEL = "-Onone";
			};
			name = Debug;
		};
		95E72F0A285F2EBC00EC2970 /* Release */ = {
			isa = XCBuildConfiguration;
			buildSettings = {
				ALWAYS_SEARCH_USER_PATHS = NO;
				CLANG_ANALYZER_NONNULL = YES;
				CLANG_ANALYZER_NUMBER_OBJECT_CONVERSION = YES_AGGRESSIVE;
				CLANG_CXX_LANGUAGE_STANDARD = "gnu++17";
				CLANG_ENABLE_MODULES = YES;
				CLANG_ENABLE_OBJC_ARC = YES;
				CLANG_ENABLE_OBJC_WEAK = YES;
				CLANG_WARN_BLOCK_CAPTURE_AUTORELEASING = YES;
				CLANG_WARN_BOOL_CONVERSION = YES;
				CLANG_WARN_COMMA = YES;
				CLANG_WARN_CONSTANT_CONVERSION = YES;
				CLANG_WARN_DEPRECATED_OBJC_IMPLEMENTATIONS = YES;
				CLANG_WARN_DIRECT_OBJC_ISA_USAGE = YES_ERROR;
				CLANG_WARN_DOCUMENTATION_COMMENTS = YES;
				CLANG_WARN_EMPTY_BODY = YES;
				CLANG_WARN_ENUM_CONVERSION = YES;
				CLANG_WARN_INFINITE_RECURSION = YES;
				CLANG_WARN_INT_CONVERSION = YES;
				CLANG_WARN_NON_LITERAL_NULL_CONVERSION = YES;
				CLANG_WARN_OBJC_IMPLICIT_RETAIN_SELF = YES;
				CLANG_WARN_OBJC_LITERAL_CONVERSION = YES;
				CLANG_WARN_OBJC_ROOT_CLASS = YES_ERROR;
				CLANG_WARN_QUOTED_INCLUDE_IN_FRAMEWORK_HEADER = YES;
				CLANG_WARN_RANGE_LOOP_ANALYSIS = YES;
				CLANG_WARN_STRICT_PROTOTYPES = YES;
				CLANG_WARN_SUSPICIOUS_MOVE = YES;
				CLANG_WARN_UNGUARDED_AVAILABILITY = YES_AGGRESSIVE;
				CLANG_WARN_UNREACHABLE_CODE = YES;
				CLANG_WARN__DUPLICATE_METHOD_MATCH = YES;
				COPY_PHASE_STRIP = NO;
				DEBUG_INFORMATION_FORMAT = "dwarf-with-dsym";
				ENABLE_NS_ASSERTIONS = NO;
				ENABLE_STRICT_OBJC_MSGSEND = YES;
				GCC_C_LANGUAGE_STANDARD = gnu11;
				GCC_NO_COMMON_BLOCKS = YES;
				GCC_WARN_64_TO_32_BIT_CONVERSION = YES;
				GCC_WARN_ABOUT_RETURN_TYPE = YES_ERROR;
				GCC_WARN_UNDECLARED_SELECTOR = YES;
				GCC_WARN_UNINITIALIZED_AUTOS = YES_AGGRESSIVE;
				GCC_WARN_UNUSED_FUNCTION = YES;
				GCC_WARN_UNUSED_VARIABLE = YES;
				IPHONEOS_DEPLOYMENT_TARGET = 15.4;
				MTL_ENABLE_DEBUG_INFO = NO;
				MTL_FAST_MATH = YES;
				SDKROOT = iphoneos;
				SWIFT_COMPILATION_MODE = wholemodule;
				SWIFT_OPTIMIZATION_LEVEL = "-O";
				VALIDATE_PRODUCT = YES;
			};
			name = Release;
		};
		95E72F0C285F2EBC00EC2970 /* Debug */ = {
			isa = XCBuildConfiguration;
			buildSettings = {
				ASSETCATALOG_COMPILER_APPICON_NAME = AppIcon;
				ASSETCATALOG_COMPILER_GLOBAL_ACCENT_COLOR_NAME = AccentColor;
				CODE_SIGN_STYLE = Automatic;
				CURRENT_PROJECT_VERSION = 1;
				GENERATE_INFOPLIST_FILE = YES;
				INFOPLIST_FILE = PracticeChangeStoryboardStepByStep/Info.plist;
				INFOPLIST_KEY_UIApplicationSupportsIndirectInputEvents = YES;
				INFOPLIST_KEY_UILaunchStoryboardName = LaunchScreen;
				INFOPLIST_KEY_UIMainStoryboardFile = Main;
				INFOPLIST_KEY_UISupportedInterfaceOrientations_iPad = "UIInterfaceOrientationPortrait UIInterfaceOrientationPortraitUpsideDown UIInterfaceOrientationLandscapeLeft UIInterfaceOrientationLandscapeRight";
				INFOPLIST_KEY_UISupportedInterfaceOrientations_iPhone = "UIInterfaceOrientationPortrait UIInterfaceOrientationLandscapeLeft UIInterfaceOrientationLandscapeRight";
				LD_RUNPATH_SEARCH_PATHS = (
					"$(inherited)",
					"@executable_path/Frameworks",
				);
				MARKETING_VERSION = 1.0;
				PRODUCT_BUNDLE_IDENTIFIER = hitachivantara.PracticeChangeStoryboardStepByStep;
				PRODUCT_NAME = "$(TARGET_NAME)";
				SWIFT_EMIT_LOC_STRINGS = YES;
				SWIFT_VERSION = 5.0;
				TARGETED_DEVICE_FAMILY = "1,2";
			};
			name = Debug;
		};
		95E72F0D285F2EBC00EC2970 /* Release */ = {
			isa = XCBuildConfiguration;
			buildSettings = {
				ASSETCATALOG_COMPILER_APPICON_NAME = AppIcon;
				ASSETCATALOG_COMPILER_GLOBAL_ACCENT_COLOR_NAME = AccentColor;
				CODE_SIGN_STYLE = Automatic;
				CURRENT_PROJECT_VERSION = 1;
				GENERATE_INFOPLIST_FILE = YES;
				INFOPLIST_FILE = PracticeChangeStoryboardStepByStep/Info.plist;
				INFOPLIST_KEY_UIApplicationSupportsIndirectInputEvents = YES;
				INFOPLIST_KEY_UILaunchStoryboardName = LaunchScreen;
				INFOPLIST_KEY_UIMainStoryboardFile = Main;
				INFOPLIST_KEY_UISupportedInterfaceOrientations_iPad = "UIInterfaceOrientationPortrait UIInterfaceOrientationPortraitUpsideDown UIInterfaceOrientationLandscapeLeft UIInterfaceOrientationLandscapeRight";
				INFOPLIST_KEY_UISupportedInterfaceOrientations_iPhone = "UIInterfaceOrientationPortrait UIInterfaceOrientationLandscapeLeft UIInterfaceOrientationLandscapeRight";
				LD_RUNPATH_SEARCH_PATHS = (
					"$(inherited)",
					"@executable_path/Frameworks",
				);
				MARKETING_VERSION = 1.0;
				PRODUCT_BUNDLE_IDENTIFIER = hitachivantara.PracticeChangeStoryboardStepByStep;
				PRODUCT_NAME = "$(TARGET_NAME)";
				SWIFT_EMIT_LOC_STRINGS = YES;
				SWIFT_VERSION = 5.0;
				TARGETED_DEVICE_FAMILY = "1,2";
			};
			name = Release;
		};
/* End XCBuildConfiguration section */

/* Begin XCConfigurationList section */
		95E72EEF285F2EBB00EC2970 /* Build configuration list for PBXProject "PracticeChangeStoryboardStepByStep" */ = {
			isa = XCConfigurationList;
			buildConfigurations = (
				95E72F09285F2EBC00EC2970 /* Debug */,
				95E72F0A285F2EBC00EC2970 /* Release */,
			);
			defaultConfigurationIsVisible = 0;
			defaultConfigurationName = Release;
		};
		95E72F0B285F2EBC00EC2970 /* Build configuration list for PBXNativeTarget "PracticeChangeStoryboardStepByStep" */ = {
			isa = XCConfigurationList;
			buildConfigurations = (
				95E72F0C285F2EBC00EC2970 /* Debug */,
				95E72F0D285F2EBC00EC2970 /* Release */,
			);
			defaultConfigurationIsVisible = 0;
			defaultConfigurationName = Release;
		};
/* End XCConfigurationList section */

/* Begin XCVersionGroup section */
		95E72F00285F2EBB00EC2970 /* PracticeChangeStoryboardStepByStep.xcdatamodeld */ = {
			isa = XCVersionGroup;
			children = (
				95E72F01285F2EBB00EC2970 /* PracticeChangeStoryboardStepByStep.xcdatamodel */,
			);
			currentVersion = 95E72F01285F2EBB00EC2970 /* PracticeChangeStoryboardStepByStep.xcdatamodel */;
			path = PracticeChangeStoryboardStepByStep.xcdatamodeld;
			sourceTree = "<group>";
			versionGroupType = wrapper.xcdatamodel;
		};
/* End XCVersionGroup section */
	};
	rootObject = 95E72EEC285F2EBB00EC2970 /* Project object */;
}
