// !$*UTF8*$!
{
	archiveVersion = 1;
	classes = {
	};
	objectVersion = 55;
	objects = {

/* Begin PBXBuildFile section */
		6EFFC8EF99D28B51CF82FCC5 /* Pods_HandleAutolayout.framework in Frameworks */ = {isa = PBXBuildFile; fileRef = C060E1AD3F8320AD5A5213F9 /* Pods_HandleAutolayout.framework */; };
		953B8F9F2849AC1500F25CA8 /* MainVC.swift in Sources */ = {isa = PBXBuildFile; fileRef = 953B8F9E2849AC1500F25CA8 /* MainVC.swift */; };
		9555D9E228487DBA00866163 /* AppDelegate.swift in Sources */ = {isa = PBXBuildFile; fileRef = 9555D9E128487DBA00866163 /* AppDelegate.swift */; };
		9555D9E428487DBA00866163 /* SceneDelegate.swift in Sources */ = {isa = PBXBuildFile; fileRef = 9555D9E328487DBA00866163 /* SceneDelegate.swift */; };
		9555D9EC28487DBA00866163 /* HandleAutolayout.xcdatamodeld in Sources */ = {isa = PBXBuildFile; fileRef = 9555D9EA28487DBA00866163 /* HandleAutolayout.xcdatamodeld */; };
		9555D9EE28487DBC00866163 /* Assets.xcassets in Resources */ = {isa = PBXBuildFile; fileRef = 9555D9ED28487DBC00866163 /* Assets.xcassets */; };
		95C2D6952849F3990065AD5C /* SecondVC.swift in Sources */ = {isa = PBXBuildFile; fileRef = 95C2D6942849F3990065AD5C /* SecondVC.swift */; };
/* End PBXBuildFile section */

/* Begin PBXFileReference section */
		33AE512115671EA910EAE457 /* Pods-HandleAutolayout.debug.xcconfig */ = {isa = PBXFileReference; includeInIndex = 1; lastKnownFileType = text.xcconfig; name = "Pods-HandleAutolayout.debug.xcconfig"; path = "Target Support Files/Pods-HandleAutolayout/Pods-HandleAutolayout.debug.xcconfig"; sourceTree = "<group>"; };
		8907F1D1AEE42B605634A2C2 /* Pods-HandleAutolayout.release.xcconfig */ = {isa = PBXFileReference; includeInIndex = 1; lastKnownFileType = text.xcconfig; name = "Pods-HandleAutolayout.release.xcconfig"; path = "Target Support Files/Pods-HandleAutolayout/Pods-HandleAutolayout.release.xcconfig"; sourceTree = "<group>"; };
		953B8F9E2849AC1500F25CA8 /* MainVC.swift */ = {isa = PBXFileReference; lastKnownFileType = sourcecode.swift; path = MainVC.swift; sourceTree = "<group>"; };
		9555D9DE28487DBA00866163 /* HandleAutolayout.app */ = {isa = PBXFileReference; explicitFileType = wrapper.application; includeInIndex = 0; path = HandleAutolayout.app; sourceTree = BUILT_PRODUCTS_DIR; };
		9555D9E128487DBA00866163 /* AppDelegate.swift */ = {isa = PBXFileReference; lastKnownFileType = sourcecode.swift; path = AppDelegate.swift; sourceTree = "<group>"; };
		9555D9E328487DBA00866163 /* SceneDelegate.swift */ = {isa = PBXFileReference; lastKnownFileType = sourcecode.swift; path = SceneDelegate.swift; sourceTree = "<group>"; };
		9555D9EB28487DBA00866163 /* HandleAutolayout.xcdatamodel */ = {isa = PBXFileReference; lastKnownFileType = wrapper.xcdatamodel; path = HandleAutolayout.xcdatamodel; sourceTree = "<group>"; };
		9555D9ED28487DBC00866163 /* Assets.xcassets */ = {isa = PBXFileReference; lastKnownFileType = folder.assetcatalog; path = Assets.xcassets; sourceTree = "<group>"; };
		9555D9F228487DBC00866163 /* Info.plist */ = {isa = PBXFileReference; lastKnownFileType = text.plist.xml; path = Info.plist; sourceTree = "<group>"; };
		95C2D6942849F3990065AD5C /* SecondVC.swift */ = {isa = PBXFileReference; lastKnownFileType = sourcecode.swift; path = SecondVC.swift; sourceTree = "<group>"; };
		C060E1AD3F8320AD5A5213F9 /* Pods_HandleAutolayout.framework */ = {isa = PBXFileReference; explicitFileType = wrapper.framework; includeInIndex = 0; path = Pods_HandleAutolayout.framework; sourceTree = BUILT_PRODUCTS_DIR; };
/* End PBXFileReference section */

/* Begin PBXFrameworksBuildPhase section */
		9555D9DB28487DBA00866163 /* Frameworks */ = {
			isa = PBXFrameworksBuildPhase;
			buildActionMask = 2147483647;
			files = (
				6EFFC8EF99D28B51CF82FCC5 /* Pods_HandleAutolayout.framework in Frameworks */,
			);
			runOnlyForDeploymentPostprocessing = 0;
		};
/* End PBXFrameworksBuildPhase section */

/* Begin PBXGroup section */
		08FB3ED625E61D344D575856 /* Frameworks */ = {
			isa = PBXGroup;
			children = (
				C060E1AD3F8320AD5A5213F9 /* Pods_HandleAutolayout.framework */,
			);
			name = Frameworks;
			sourceTree = "<group>";
		};
		8CDEFEF5894CFBAE4292D14B /* Pods */ = {
			isa = PBXGroup;
			children = (
				33AE512115671EA910EAE457 /* Pods-HandleAutolayout.debug.xcconfig */,
				8907F1D1AEE42B605634A2C2 /* Pods-HandleAutolayout.release.xcconfig */,
			);
			path = Pods;
			sourceTree = "<group>";
		};
		953B8F9D2849ABF400F25CA8 /* ViewControllers */ = {
			isa = PBXGroup;
			children = (
				953B8F9E2849AC1500F25CA8 /* MainVC.swift */,
				95C2D6942849F3990065AD5C /* SecondVC.swift */,
			);
			path = ViewControllers;
			sourceTree = "<group>";
		};
		9555D9D528487DB900866163 = {
			isa = PBXGroup;
			children = (
				9555D9E028487DBA00866163 /* HandleAutolayout */,
				9555D9DF28487DBA00866163 /* Products */,
				8CDEFEF5894CFBAE4292D14B /* Pods */,
				08FB3ED625E61D344D575856 /* Frameworks */,
			);
			sourceTree = "<group>";
		};
		9555D9DF28487DBA00866163 /* Products */ = {
			isa = PBXGroup;
			children = (
				9555D9DE28487DBA00866163 /* HandleAutolayout.app */,
			);
			name = Products;
			sourceTree = "<group>";
		};
		9555D9E028487DBA00866163 /* HandleAutolayout */ = {
			isa = PBXGroup;
			children = (
				953B8F9D2849ABF400F25CA8 /* ViewControllers */,
				9555D9E128487DBA00866163 /* AppDelegate.swift */,
				9555D9E328487DBA00866163 /* SceneDelegate.swift */,
				9555D9ED28487DBC00866163 /* Assets.xcassets */,
				9555D9F228487DBC00866163 /* Info.plist */,
				9555D9EA28487DBA00866163 /* HandleAutolayout.xcdatamodeld */,
			);
			path = HandleAutolayout;
			sourceTree = "<group>";
		};
/* End PBXGroup section */

/* Begin PBXNativeTarget section */
		9555D9DD28487DBA00866163 /* HandleAutolayout */ = {
			isa = PBXNativeTarget;
			buildConfigurationList = 9555D9F528487DBC00866163 /* Build configuration list for PBXNativeTarget "HandleAutolayout" */;
			buildPhases = (
				453E7A5015A1E68C877DFF9C /* [CP] Check Pods Manifest.lock */,
				9555D9DA28487DBA00866163 /* Sources */,
				9555D9DB28487DBA00866163 /* Frameworks */,
				9555D9DC28487DBA00866163 /* Resources */,
				C059EFE88D490D4D948E97AD /* [CP] Embed Pods Frameworks */,
			);
			buildRules = (
			);
			dependencies = (
			);
			name = HandleAutolayout;
			productName = HandleAutolayout;
			productReference = 9555D9DE28487DBA00866163 /* HandleAutolayout.app */;
			productType = "com.apple.product-type.application";
		};
/* End PBXNativeTarget section */

/* Begin PBXProject section */
		9555D9D628487DB900866163 /* Project object */ = {
			isa = PBXProject;
			attributes = {
				BuildIndependentTargetsInParallel = 1;
				LastSwiftUpdateCheck = 1330;
				LastUpgradeCheck = 1330;
				TargetAttributes = {
					9555D9DD28487DBA00866163 = {
						CreatedOnToolsVersion = 13.3.1;
					};
				};
			};
			buildConfigurationList = 9555D9D928487DB900866163 /* Build configuration list for PBXProject "HandleAutolayout" */;
			compatibilityVersion = "Xcode 13.0";
			developmentRegion = en;
			hasScannedForEncodings = 0;
			knownRegions = (
				en,
				Base,
			);
			mainGroup = 9555D9D528487DB900866163;
			productRefGroup = 9555D9DF28487DBA00866163 /* Products */;
			projectDirPath = "";
			projectRoot = "";
			targets = (
				9555D9DD28487DBA00866163 /* HandleAutolayout */,
			);
		};
/* End PBXProject section */

/* Begin PBXResourcesBuildPhase section */
		9555D9DC28487DBA00866163 /* Resources */ = {
			isa = PBXResourcesBuildPhase;
			buildActionMask = 2147483647;
			files = (
				9555D9EE28487DBC00866163 /* Assets.xcassets in Resources */,
			);
			runOnlyForDeploymentPostprocessing = 0;
		};
/* End PBXResourcesBuildPhase section */

/* Begin PBXShellScriptBuildPhase section */
		453E7A5015A1E68C877DFF9C /* [CP] Check Pods Manifest.lock */ = {
			isa = PBXShellScriptBuildPhase;
			buildActionMask = 2147483647;
			files = (
			);
			inputFileListPaths = (
			);
			inputPaths = (
				"${PODS_PODFILE_DIR_PATH}/Podfile.lock",
				"${PODS_ROOT}/Manifest.lock",
			);
			name = "[CP] Check Pods Manifest.lock";
			outputFileListPaths = (
			);
			outputPaths = (
				"$(DERIVED_FILE_DIR)/Pods-HandleAutolayout-checkManifestLockResult.txt",
			);
			runOnlyForDeploymentPostprocessing = 0;
			shellPath = /bin/sh;
			shellScript = "diff \"${PODS_PODFILE_DIR_PATH}/Podfile.lock\" \"${PODS_ROOT}/Manifest.lock\" > /dev/null\nif [ $? != 0 ] ; then\n    # print error to STDERR\n    echo \"error: The sandbox is not in sync with the Podfile.lock. Run 'pod install' or update your CocoaPods installation.\" >&2\n    exit 1\nfi\n# This output is used by Xcode 'outputs' to avoid re-running this script phase.\necho \"SUCCESS\" > \"${SCRIPT_OUTPUT_FILE_0}\"\n";
			showEnvVarsInLog = 0;
		};
		C059EFE88D490D4D948E97AD /* [CP] Embed Pods Frameworks */ = {
			isa = PBXShellScriptBuildPhase;
			buildActionMask = 2147483647;
			files = (
			);
			inputFileListPaths = (
				"${PODS_ROOT}/Target Support Files/Pods-HandleAutolayout/Pods-HandleAutolayout-frameworks-${CONFIGURATION}-input-files.xcfilelist",
			);
			name = "[CP] Embed Pods Frameworks";
			outputFileListPaths = (
				"${PODS_ROOT}/Target Support Files/Pods-HandleAutolayout/Pods-HandleAutolayout-frameworks-${CONFIGURATION}-output-files.xcfilelist",
			);
			runOnlyForDeploymentPostprocessing = 0;
			shellPath = /bin/sh;
			shellScript = "\"${PODS_ROOT}/Target Support Files/Pods-HandleAutolayout/Pods-HandleAutolayout-frameworks.sh\"\n";
			showEnvVarsInLog = 0;
		};
/* End PBXShellScriptBuildPhase section */

/* Begin PBXSourcesBuildPhase section */
		9555D9DA28487DBA00866163 /* Sources */ = {
			isa = PBXSourcesBuildPhase;
			buildActionMask = 2147483647;
			files = (
				9555D9EC28487DBA00866163 /* HandleAutolayout.xcdatamodeld in Sources */,
				95C2D6952849F3990065AD5C /* SecondVC.swift in Sources */,
				953B8F9F2849AC1500F25CA8 /* MainVC.swift in Sources */,
				9555D9E228487DBA00866163 /* AppDelegate.swift in Sources */,
				9555D9E428487DBA00866163 /* SceneDelegate.swift in Sources */,
			);
			runOnlyForDeploymentPostprocessing = 0;
		};
/* End PBXSourcesBuildPhase section */

/* Begin XCBuildConfiguration section */
		9555D9F328487DBC00866163 /* Debug */ = {
			isa = XCBuildConfiguration;
			buildSettings = {
				ALWAYS_SEARCH_USER_PATHS = NO;
				CLANG_ANALYZER_NONNULL = YES;
				CLANG_ANALYZER_NUMBER_OBJECT_CONVERSION = YES_AGGRESSIVE;
				CLANG_CXX_LANGUAGE_STANDARD = "gnu++17";
				CLANG_ENABLE_MODULES = YES;
				CLANG_ENABLE_OBJC_ARC = YES;
				CLANG_ENABLE_OBJC_WEAK = YES;
				CLANG_WARN_BLOCK_CAPTURE_AUTORELEASING = YES;
				CLANG_WARN_BOOL_CONVERSION = YES;
				CLANG_WARN_COMMA = YES;
				CLANG_WARN_CONSTANT_CONVERSION = YES;
				CLANG_WARN_DEPRECATED_OBJC_IMPLEMENTATIONS = YES;
				CLANG_WARN_DIRECT_OBJC_ISA_USAGE = YES_ERROR;
				CLANG_WARN_DOCUMENTATION_COMMENTS = YES;
				CLANG_WARN_EMPTY_BODY = YES;
				CLANG_WARN_ENUM_CONVERSION = YES;
				CLANG_WARN_INFINITE_RECURSION = YES;
				CLANG_WARN_INT_CONVERSION = YES;
				CLANG_WARN_NON_LITERAL_NULL_CONVERSION = YES;
				CLANG_WARN_OBJC_IMPLICIT_RETAIN_SELF = YES;
				CLANG_WARN_OBJC_LITERAL_CONVERSION = YES;
				CLANG_WARN_OBJC_ROOT_CLASS = YES_ERROR;
				CLANG_WARN_QUOTED_INCLUDE_IN_FRAMEWORK_HEADER = YES;
				CLANG_WARN_RANGE_LOOP_ANALYSIS = YES;
				CLANG_WARN_STRICT_PROTOTYPES = YES;
				CLANG_WARN_SUSPICIOUS_MOVE = YES;
				CLANG_WARN_UNGUARDED_AVAILABILITY = YES_AGGRESSIVE;
				CLANG_WARN_UNREACHABLE_CODE = YES;
				CLANG_WARN__DUPLICATE_METHOD_MATCH = YES;
				COPY_PHASE_STRIP = NO;
				DEBUG_INFORMATION_FORMAT = dwarf;
				ENABLE_STRICT_OBJC_MSGSEND = YES;
				ENABLE_TESTABILITY = YES;
				GCC_C_LANGUAGE_STANDARD = gnu11;
				GCC_DYNAMIC_NO_PIC = NO;
				GCC_NO_COMMON_BLOCKS = YES;
				GCC_OPTIMIZATION_LEVEL = 0;
				GCC_PREPROCESSOR_DEFINITIONS = (
					"DEBUG=1",
					"$(inherited)",
				);
				GCC_WARN_64_TO_32_BIT_CONVERSION = YES;
				GCC_WARN_ABOUT_RETURN_TYPE = YES_ERROR;
				GCC_WARN_UNDECLARED_SELECTOR = YES;
				GCC_WARN_UNINITIALIZED_AUTOS = YES_AGGRESSIVE;
				GCC_WARN_UNUSED_FUNCTION = YES;
				GCC_WARN_UNUSED_VARIABLE = YES;
				IPHONEOS_DEPLOYMENT_TARGET = 15.4;
				MTL_ENABLE_DEBUG_INFO = INCLUDE_SOURCE;
				MTL_FAST_MATH = YES;
				ONLY_ACTIVE_ARCH = YES;
				SDKROOT = iphoneos;
				SWIFT_ACTIVE_COMPILATION_CONDITIONS = DEBUG;
				SWIFT_OPTIMIZATION_LEVEL = "-Onone";
			};
			name = Debug;
		};
		9555D9F428487DBC00866163 /* Release */ = {
			isa = XCBuildConfiguration;
			buildSettings = {
				ALWAYS_SEARCH_USER_PATHS = NO;
				CLANG_ANALYZER_NONNULL = YES;
				CLANG_ANALYZER_NUMBER_OBJECT_CONVERSION = YES_AGGRESSIVE;
				CLANG_CXX_LANGUAGE_STANDARD = "gnu++17";
				CLANG_ENABLE_MODULES = YES;
				CLANG_ENABLE_OBJC_ARC = YES;
				CLANG_ENABLE_OBJC_WEAK = YES;
				CLANG_WARN_BLOCK_CAPTURE_AUTORELEASING = YES;
				CLANG_WARN_BOOL_CONVERSION = YES;
				CLANG_WARN_COMMA = YES;
				CLANG_WARN_CONSTANT_CONVERSION = YES;
				CLANG_WARN_DEPRECATED_OBJC_IMPLEMENTATIONS = YES;
				CLANG_WARN_DIRECT_OBJC_ISA_USAGE = YES_ERROR;
				CLANG_WARN_DOCUMENTATION_COMMENTS = YES;
				CLANG_WARN_EMPTY_BODY = YES;
				CLANG_WARN_ENUM_CONVERSION = YES;
				CLANG_WARN_INFINITE_RECURSION = YES;
				CLANG_WARN_INT_CONVERSION = YES;
				CLANG_WARN_NON_LITERAL_NULL_CONVERSION = YES;
				CLANG_WARN_OBJC_IMPLICIT_RETAIN_SELF = YES;
				CLANG_WARN_OBJC_LITERAL_CONVERSION = YES;
				CLANG_WARN_OBJC_ROOT_CLASS = YES_ERROR;
				CLANG_WARN_QUOTED_INCLUDE_IN_FRAMEWORK_HEADER = YES;
				CLANG_WARN_RANGE_LOOP_ANALYSIS = YES;
				CLANG_WARN_STRICT_PROTOTYPES = YES;
				CLANG_WARN_SUSPICIOUS_MOVE = YES;
				CLANG_WARN_UNGUARDED_AVAILABILITY = YES_AGGRESSIVE;
				CLANG_WARN_UNREACHABLE_CODE = YES;
				CLANG_WARN__DUPLICATE_METHOD_MATCH = YES;
				COPY_PHASE_STRIP = NO;
				DEBUG_INFORMATION_FORMAT = "dwarf-with-dsym";
				ENABLE_NS_ASSERTIONS = NO;
				ENABLE_STRICT_OBJC_MSGSEND = YES;
				GCC_C_LANGUAGE_STANDARD = gnu11;
				GCC_NO_COMMON_BLOCKS = YES;
				GCC_WARN_64_TO_32_BIT_CONVERSION = YES;
				GCC_WARN_ABOUT_RETURN_TYPE = YES_ERROR;
				GCC_WARN_UNDECLARED_SELECTOR = YES;
				GCC_WARN_UNINITIALIZED_AUTOS = YES_AGGRESSIVE;
				GCC_WARN_UNUSED_FUNCTION = YES;
				GCC_WARN_UNUSED_VARIABLE = YES;
				IPHONEOS_DEPLOYMENT_TARGET = 15.4;
				MTL_ENABLE_DEBUG_INFO = NO;
				MTL_FAST_MATH = YES;
				SDKROOT = iphoneos;
				SWIFT_COMPILATION_MODE = wholemodule;
				SWIFT_OPTIMIZATION_LEVEL = "-O";
				VALIDATE_PRODUCT = YES;
			};
			name = Release;
		};
		9555D9F628487DBC00866163 /* Debug */ = {
			isa = XCBuildConfiguration;
			baseConfigurationReference = 33AE512115671EA910EAE457 /* Pods-HandleAutolayout.debug.xcconfig */;
			buildSettings = {
				ASSETCATALOG_COMPILER_APPICON_NAME = AppIcon;
				ASSETCATALOG_COMPILER_GLOBAL_ACCENT_COLOR_NAME = AccentColor;
				CODE_SIGN_STYLE = Automatic;
				CURRENT_PROJECT_VERSION = 1;
				GENERATE_INFOPLIST_FILE = YES;
				INFOPLIST_FILE = HandleAutolayout/Info.plist;
				INFOPLIST_KEY_UIApplicationSupportsIndirectInputEvents = YES;
				INFOPLIST_KEY_UILaunchStoryboardName = LaunchScreen;
				INFOPLIST_KEY_UISupportedInterfaceOrientations_iPad = "UIInterfaceOrientationPortrait UIInterfaceOrientationPortraitUpsideDown UIInterfaceOrientationLandscapeLeft UIInterfaceOrientationLandscapeRight";
				INFOPLIST_KEY_UISupportedInterfaceOrientations_iPhone = "UIInterfaceOrientationPortrait UIInterfaceOrientationLandscapeLeft UIInterfaceOrientationLandscapeRight";
				LD_RUNPATH_SEARCH_PATHS = (
					"$(inherited)",
					"@executable_path/Frameworks",
				);
				MARKETING_VERSION = 1.0;
				PRODUCT_BUNDLE_IDENTIFIER = hitachivantara.HandleAutolayout;
				PRODUCT_NAME = "$(TARGET_NAME)";
				SWIFT_EMIT_LOC_STRINGS = YES;
				SWIFT_VERSION = 5.0;
				TARGETED_DEVICE_FAMILY = "1,2";
			};
			name = Debug;
		};
		9555D9F728487DBC00866163 /* Release */ = {
			isa = XCBuildConfiguration;
			baseConfigurationReference = 8907F1D1AEE42B605634A2C2 /* Pods-HandleAutolayout.release.xcconfig */;
			buildSettings = {
				ASSETCATALOG_COMPILER_APPICON_NAME = AppIcon;
				ASSETCATALOG_COMPILER_GLOBAL_ACCENT_COLOR_NAME = AccentColor;
				CODE_SIGN_STYLE = Automatic;
				CURRENT_PROJECT_VERSION = 1;
				GENERATE_INFOPLIST_FILE = YES;
				INFOPLIST_FILE = HandleAutolayout/Info.plist;
				INFOPLIST_KEY_UIApplicationSupportsIndirectInputEvents = YES;
				INFOPLIST_KEY_UILaunchStoryboardName = LaunchScreen;
				INFOPLIST_KEY_UISupportedInterfaceOrientations_iPad = "UIInterfaceOrientationPortrait UIInterfaceOrientationPortraitUpsideDown UIInterfaceOrientationLandscapeLeft UIInterfaceOrientationLandscapeRight";
				INFOPLIST_KEY_UISupportedInterfaceOrientations_iPhone = "UIInterfaceOrientationPortrait UIInterfaceOrientationLandscapeLeft UIInterfaceOrientationLandscapeRight";
				LD_RUNPATH_SEARCH_PATHS = (
					"$(inherited)",
					"@executable_path/Frameworks",
				);
				MARKETING_VERSION = 1.0;
				PRODUCT_BUNDLE_IDENTIFIER = hitachivantara.HandleAutolayout;
				PRODUCT_NAME = "$(TARGET_NAME)";
				SWIFT_EMIT_LOC_STRINGS = YES;
				SWIFT_VERSION = 5.0;
				TARGETED_DEVICE_FAMILY = "1,2";
			};
			name = Release;
		};
/* End XCBuildConfiguration section */

/* Begin XCConfigurationList section */
		9555D9D928487DB900866163 /* Build configuration list for PBXProject "HandleAutolayout" */ = {
			isa = XCConfigurationList;
			buildConfigurations = (
				9555D9F328487DBC00866163 /* Debug */,
				9555D9F428487DBC00866163 /* Release */,
			);
			defaultConfigurationIsVisible = 0;
			defaultConfigurationName = Release;
		};
		9555D9F528487DBC00866163 /* Build configuration list for PBXNativeTarget "HandleAutolayout" */ = {
			isa = XCConfigurationList;
			buildConfigurations = (
				9555D9F628487DBC00866163 /* Debug */,
				9555D9F728487DBC00866163 /* Release */,
			);
			defaultConfigurationIsVisible = 0;
			defaultConfigurationName = Release;
		};
/* End XCConfigurationList section */

/* Begin XCVersionGroup section */
		9555D9EA28487DBA00866163 /* HandleAutolayout.xcdatamodeld */ = {
			isa = XCVersionGroup;
			children = (
				9555D9EB28487DBA00866163 /* HandleAutolayout.xcdatamodel */,
			);
			currentVersion = 9555D9EB28487DBA00866163 /* HandleAutolayout.xcdatamodel */;
			path = HandleAutolayout.xcdatamodeld;
			sourceTree = "<group>";
			versionGroupType = wrapper.xcdatamodel;
		};
/* End XCVersionGroup section */
	};
	rootObject = 9555D9D628487DB900866163 /* Project object */;
}
